{
  "name": "@nodegui/qode",
  "version": "2.0.1",
  "lockfileVersion": 1,
  "requires": true,
  "dependencies": {
    "chownr": {
      "version": "1.1.4",
      "resolved": "https://registry.npmjs.org/chownr/-/chownr-1.1.4.tgz",
      "integrity": "sha512-jJ0bqzaylmJtVnNgzTeSOs8DPavpbYgEr/b0YL8/2GO3xJEhInFmhKMUnEJQjZumK7KXGFhUy89PrsJWlakBVg=="
    },
    "env-paths": {
      "version": "2.2.0",
      "resolved": "https://registry.npmjs.org/env-paths/-/env-paths-2.2.0.tgz",
      "integrity": "sha512-6u0VYSCo/OW6IoD5WCLLy9JUGARbamfSavcNXry/eu8aHVFei6CD3Sw+VGX5alea1i9pgPHW0mbu6Xj0uBh7gA=="
    },
    "fs-minipass": {
      "version": "2.1.0",
      "resolved": "https://registry.npmjs.org/fs-minipass/-/fs-minipass-2.1.0.tgz",
      "integrity": "sha512-V/JgOLFCS+R6Vcq0slCuaeWEdNC3ouDlJMNIsacH2VtALiu9mV4LPrHc5cDl8k5aw6J8jwgWWpiTo5RYhmIzvg==",
      "requires": {
        "minipass": "^3.0.0"
      }
    },
    "make-dir": {
      "version": "3.0.2",
      "resolved": "https://registry.npmjs.org/make-dir/-/make-dir-3.0.2.tgz",
      "integrity": "sha512-rYKABKutXa6vXTXhoV18cBE7PaewPXHe/Bdq4v+ZLMhxbWApkFFplT0LcbMW+6BbjnQXzZ/sAvSE/JdguApG5w==",
      "requires": {
        "semver": "^6.0.0"
      }
    },
    "minipass": {
      "version": "3.1.1",
      "resolved": "https://registry.npmjs.org/minipass/-/minipass-3.1.1.tgz",
      "integrity": "sha512-UFqVihv6PQgwj8/yTGvl9kPz7xIAY+R5z6XYjRInD3Gk3qx6QGSD6zEcpeG4Dy/lQnv1J6zv8ejV90hyYIKf3w==",
      "requires": {
        "yallist": "^4.0.0"
      }
    },
    "minizlib": {
      "version": "2.1.0",
      "resolved": "https://registry.npmjs.org/minizlib/-/minizlib-2.1.0.tgz",
      "integrity": "sha512-EzTZN/fjSvifSX0SlqUERCN39o6T40AMarPbv0MrarSFtIITCBh7bi+dU8nxGFHuqs9jdIAeoYoKuQAAASsPPA==",
      "requires": {
        "minipass": "^3.0.0",
        "yallist": "^4.0.0"
      }
    },
    "node-fetch": {
      "version": "2.6.0",
      "resolved": "https://registry.npmjs.org/node-fetch/-/node-fetch-2.6.0.tgz",
      "integrity": "sha512-8dG4H5ujfvFiqDmVu9fQ5bOHUC15JMjMY/Zumv26oOvvVJjM67KF8koCWIabKQ1GJIa9r2mMZscBq/TbdOcmNA=="
    },
    "progress": {
      "version": "2.0.3",
      "resolved": "https://registry.npmjs.org/progress/-/progress-2.0.3.tgz",
      "integrity": "sha512-7PiHtLll5LdnKIMw100I+8xJXR5gW2QwWYkT6iJva0bXitZKa/XMrSbdmg3r2Xnaidz9Qumd0VPaMrZlF9V9sA=="
    },
    "semver": {
      "version": "6.3.0",
      "resolved": "https://registry.npmjs.org/semver/-/semver-6.3.0.tgz",
      "integrity": "sha512-b39TBaTSfV6yBrapU89p5fKekE2m/NwnDocOVruQFS1/veMgdzuPcnOM34M6CwxW8jH/lxEa5rBoDeUwu5HHTw=="
    },
    "tar": {
      "version": "6.0.1",
      "resolved": "https://registry.npmjs.org/tar/-/tar-6.0.1.tgz",
      "integrity": "sha512-bKhKrrz2FJJj5s7wynxy/fyxpE0CmCjmOQ1KV4KkgXFWOgoIT/NbTMnB1n+LFNrNk0SSBVGGxcK5AGsyC+pW5Q==",
      "requires": {
        "chownr": "^1.1.3",
        "fs-minipass": "^2.0.0",
        "minipass": "^3.0.0",
        "minizlib": "^2.1.0",
        "mkdirp": "^1.0.3",
        "yallist": "^4.0.0"
      },
      "dependencies": {
        "mkdirp": {
          "version": "1.0.3",
          "resolved": "https://registry.npmjs.org/mkdirp/-/mkdirp-1.0.3.tgz",
          "integrity": "sha512-6uCP4Qc0sWsgMLy1EOqqS/3rjDHOEnsStVr/4vtAIK2Y5i2kA7lFFejYrpIyiN9w0pYf4ckeCYT9f1r1P9KX5g=="
        }
      }
    },
    "yallist": {
      "version": "4.0.0",
      "resolved": "https://registry.npmjs.org/yallist/-/yallist-4.0.0.tgz",
      "integrity": "sha512-3wdGidZyq5PB084XLES5TpOSRA3wjXAlIWMhum2kRcv/41Sn2emQ0dycQW4uZXLejwKvg6EsvbdlVL+FYEct7A=="
    }
  }
}
